
Microsoft Visual Studio Solution File, Format Version 12.00
# Visual Studio Version 16
VisualStudioVersion = 16.0.31129.286
MinimumVisualStudioVersion = 10.0.40219.1
Project("{FAE04EC0-301F-11D3-BF4B-00C04F79EFBC}") = "AutoCadObjectEditor", "AutoCadObjectEditor.csproj", "{F6CF8DD6-98E8-4B87-B9BA-345A53014C1A}"
EndProject
Global
	GlobalSection(SolutionConfigurationPlatforms) = preSolution
		Debug|Any CPU = Debug|Any CPU
		Release|Any CPU = Release|Any CPU
	EndGlobalSection
	GlobalSection(ProjectConfigurationPlatforms) = postSolution
		{F6CF8DD6-98E8-4B87-B9BA-345A53014C1A}.Debug|Any CPU.ActiveCfg = Debug|Any CPU
		{F6CF8DD6-98E8-4B87-B9BA-345A53014C1A}.Debug|Any CPU.Build.0 = Debug|Any CPU
		{F6CF8DD6-98E8-4B87-B9BA-345A53014C1A}.Release|Any CPU.ActiveCfg = Release|Any CPU
		{F6CF8DD6-98E8-4B87-B9BA-345A53014C1A}.Release|Any CPU.Build.0 = Release|Any CPU
	EndGlobalSection
	GlobalSection(SolutionProperties) = preSolution
		HideSolutionNode = FALSE
	EndGlobalSection
	GlobalSection(ExtensibilityGlobals) = postSolution
		SolutionGuid = {C29E6A98-EF6D-452F-9DF0-9F8CC3C33B6A}
	EndGlobalSection
EndGlobal
